// !$*UTF8*$!
{
	archiveVersion = 1;
	classes = {
	};
	objectVersion = 46;
	objects = {

/* Begin PBXBuildFile section */
		921849981F4F018600957213 /* Action.m in Sources */ = {isa = PBXBuildFile; fileRef = 921849911F4F018600957213 /* Action.m */; };
		921849991F4F018600957213 /* Store.m in Sources */ = {isa = PBXBuildFile; fileRef = 921849961F4F018600957213 /* Store.m */; };
/* End PBXBuildFile section */

/* Begin PBXCopyFilesBuildPhase section */
		921849811F4F017000957213 /* CopyFiles */ = {
			isa = PBXCopyFilesBuildPhase;
			buildActionMask = 2147483647;
			dstPath = "include/$(PRODUCT_NAME)";
			dstSubfolderSpec = 16;
			files = (
			);
			runOnlyForDeploymentPostprocessing = 0;
		};
/* End PBXCopyFilesBuildPhase section */

/* Begin PBXFileReference section */
		921849831F4F017000957213 /* libReduxObjectiveCStaticLib.a */ = {isa = PBXFileReference; explicitFileType = archive.ar; includeInIndex = 0; path = libReduxObjectiveCStaticLib.a; sourceTree = BUILT_PRODUCTS_DIR; };
		921849901F4F018600957213 /* Action.h */ = {isa = PBXFileReference; fileEncoding = 4; lastKnownFileType = sourcecode.c.h; path = Action.h; sourceTree = "<group>"; };
		921849911F4F018600957213 /* Action.m */ = {isa = PBXFileReference; fileEncoding = 4; lastKnownFileType = sourcecode.c.objc; path = Action.m; sourceTree = "<group>"; };
		921849921F4F018600957213 /* Info.plist */ = {isa = PBXFileReference; fileEncoding = 4; lastKnownFileType = text.plist.xml; path = Info.plist; sourceTree = "<group>"; };
		921849931F4F018600957213 /* Reducer.h */ = {isa = PBXFileReference; fileEncoding = 4; lastKnownFileType = sourcecode.c.h; path = Reducer.h; sourceTree = "<group>"; };
		921849941F4F018600957213 /* ReduxObjectiveC.h */ = {isa = PBXFileReference; fileEncoding = 4; lastKnownFileType = sourcecode.c.h; path = ReduxObjectiveC.h; sourceTree = "<group>"; };
		921849951F4F018600957213 /* Store.h */ = {isa = PBXFileReference; fileEncoding = 4; lastKnownFileType = sourcecode.c.h; path = Store.h; sourceTree = "<group>"; };
		921849961F4F018600957213 /* Store.m */ = {isa = PBXFileReference; fileEncoding = 4; lastKnownFileType = sourcecode.c.objc; path = Store.m; sourceTree = "<group>"; };
		921849971F4F018600957213 /* StoreProtocol.h */ = {isa = PBXFileReference; fileEncoding = 4; lastKnownFileType = sourcecode.c.h; path = StoreProtocol.h; sourceTree = "<group>"; };
/* End PBXFileReference section */

/* Begin PBXFrameworksBuildPhase section */
		921849801F4F017000957213 /* Frameworks */ = {
			isa = PBXFrameworksBuildPhase;
			buildActionMask = 2147483647;
			files = (
			);
			runOnlyForDeploymentPostprocessing = 0;
		};
/* End PBXFrameworksBuildPhase section */

/* Begin PBXGroup section */
		9218497A1F4F017000957213 = {
			isa = PBXGroup;
			children = (
				921849851F4F017000957213 /* ReduxObjectiveCStaticLib */,
				921849841F4F017000957213 /* Products */,
			);
			sourceTree = "<group>";
		};
		921849841F4F017000957213 /* Products */ = {
			isa = PBXGroup;
			children = (
				921849831F4F017000957213 /* libReduxObjectiveCStaticLib.a */,
			);
			name = Products;
			sourceTree = "<group>";
		};
		921849851F4F017000957213 /* ReduxObjectiveCStaticLib */ = {
			isa = PBXGroup;
			children = (
				9218498F1F4F018600957213 /* ReduxObjectiveC */,
			);
			path = ReduxObjectiveCStaticLib;
			sourceTree = "<group>";
		};
		9218498F1F4F018600957213 /* ReduxObjectiveC */ = {
			isa = PBXGroup;
			children = (
				921849901F4F018600957213 /* Action.h */,
				921849911F4F018600957213 /* Action.m */,
				921849921F4F018600957213 /* Info.plist */,
				921849931F4F018600957213 /* Reducer.h */,
				921849941F4F018600957213 /* ReduxObjectiveC.h */,
				921849951F4F018600957213 /* Store.h */,
				921849961F4F018600957213 /* Store.m */,
				921849971F4F018600957213 /* StoreProtocol.h */,
			);
			name = ReduxObjectiveC;
			path = ../../ReduxObjectiveC;
			sourceTree = "<group>";
		};
/* End PBXGroup section */

/* Begin PBXNativeTarget section */
		921849821F4F017000957213 /* ReduxObjectiveCStaticLib */ = {
			isa = PBXNativeTarget;
			buildConfigurationList = 9218498C1F4F017000957213 /* Build configuration list for PBXNativeTarget "ReduxObjectiveCStaticLib" */;
			buildPhases = (
				9218497F1F4F017000957213 /* Sources */,
				921849801F4F017000957213 /* Frameworks */,
				921849811F4F017000957213 /* CopyFiles */,
			);
			buildRules = (
			);
			dependencies = (
			);
			name = ReduxObjectiveCStaticLib;
			productName = ReduxObjectiveCStaticLib;
			productReference = 921849831F4F017000957213 /* libReduxObjectiveCStaticLib.a */;
			productType = "com.apple.product-type.library.static";
		};
/* End PBXNativeTarget section */

/* Begin PBXProject section */
		9218497B1F4F017000957213 /* Project object */ = {
			isa = PBXProject;
			attributes = {
				LastUpgradeCheck = 0820;
				ORGANIZATIONNAME = "SRIKANTH KYATHAM";
				TargetAttributes = {
					921849821F4F017000957213 = {
						CreatedOnToolsVersion = 8.2.1;
						ProvisioningStyle = Automatic;
					};
				};
			};
			buildConfigurationList = 9218497E1F4F017000957213 /* Build configuration list for PBXProject "ReduxObjectiveCStaticLib" */;
			compatibilityVersion = "Xcode 3.2";
			developmentRegion = English;
			hasScannedForEncodings = 0;
			knownRegions = (
				en,
			);
			mainGroup = 9218497A1F4F017000957213;
			productRefGroup = 921849841F4F017000957213 /* Products */;
			projectDirPath = "";
			projectRoot = "";
			targets = (
				921849821F4F017000957213 /* ReduxObjectiveCStaticLib */,
			);
		};
/* End PBXProject section */

/* Begin PBXSourcesBuildPhase section */
		9218497F1F4F017000957213 /* Sources */ = {
			isa = PBXSourcesBuildPhase;
			buildActionMask = 2147483647;
			files = (
				921849991F4F018600957213 /* Store.m in Sources */,
				921849981F4F018600957213 /* Action.m in Sources */,
			);
			runOnlyForDeploymentPostprocessing = 0;
		};
/* End PBXSourcesBuildPhase section */

/* Begin XCBuildConfiguration section */
		9218498A1F4F017000957213 /* Debug */ = {
			isa = XCBuildConfiguration;
			buildSettings = {
				ALWAYS_SEARCH_USER_PATHS = NO;
				CLANG_ANALYZER_NONNULL = YES;
				CLANG_CXX_LANGUAGE_STANDARD = "gnu++0x";
				CLANG_CXX_LIBRARY = "libc++";
				CLANG_ENABLE_MODULES = YES;
				CLANG_ENABLE_OBJC_ARC = YES;
				CLANG_WARN_BOOL_CONVERSION = YES;
				CLANG_WARN_CONSTANT_CONVERSION = YES;
				CLANG_WARN_DIRECT_OBJC_ISA_USAGE = YES_ERROR;
				CLANG_WARN_DOCUMENTATION_COMMENTS = YES;
				CLANG_WARN_EMPTY_BODY = YES;
				CLANG_WARN_ENUM_CONVERSION = YES;
				CLANG_WARN_INFINITE_RECURSION = YES;
				CLANG_WARN_INT_CONVERSION = YES;
				CLANG_WARN_OBJC_ROOT_CLASS = YES_ERROR;
				CLANG_WARN_SUSPICIOUS_MOVE = YES;
				CLANG_WARN_UNREACHABLE_CODE = YES;
				CLANG_WARN__DUPLICATE_METHOD_MATCH = YES;
				"CODE_SIGN_IDENTITY[sdk=iphoneos*]" = "iPhone Developer";
				COPY_PHASE_STRIP = NO;
				DEBUG_INFORMATION_FORMAT = dwarf;
				ENABLE_STRICT_OBJC_MSGSEND = YES;
				ENABLE_TESTABILITY = YES;
				GCC_C_LANGUAGE_STANDARD = gnu99;
				GCC_DYNAMIC_NO_PIC = NO;
				GCC_NO_COMMON_BLOCKS = YES;
				GCC_OPTIMIZATION_LEVEL = 0;
				GCC_PREPROCESSOR_DEFINITIONS = (
					"DEBUG=1",
					"$(inherited)",
				);
				GCC_WARN_64_TO_32_BIT_CONVERSION = YES;
				GCC_WARN_ABOUT_RETURN_TYPE = YES_ERROR;
				GCC_WARN_UNDECLARED_SELECTOR = YES;
				GCC_WARN_UNINITIALIZED_AUTOS = YES_AGGRESSIVE;
				GCC_WARN_UNUSED_FUNCTION = YES;
				GCC_WARN_UNUSED_VARIABLE = YES;
				IPHONEOS_DEPLOYMENT_TARGET = 10.2;
				MTL_ENABLE_DEBUG_INFO = YES;
				ONLY_ACTIVE_ARCH = YES;
				SDKROOT = iphoneos;
			};
			name = Debug;
		};
		9218498B1F4F017000957213 /* Release */ = {
			isa = XCBuildConfiguration;
			buildSettings = {
				ALWAYS_SEARCH_USER_PATHS = NO;
				CLANG_ANALYZER_NONNULL = YES;
				CLANG_CXX_LANGUAGE_STANDARD = "gnu++0x";
				CLANG_CXX_LIBRARY = "libc++";
				CLANG_ENABLE_MODULES = YES;
				CLANG_ENABLE_OBJC_ARC = YES;
				CLANG_WARN_BOOL_CONVERSION = YES;
				CLANG_WARN_CONSTANT_CONVERSION = YES;
				CLANG_WARN_DIRECT_OBJC_ISA_USAGE = YES_ERROR;
				CLANG_WARN_DOCUMENTATION_COMMENTS = YES;
				CLANG_WARN_EMPTY_BODY = YES;
				CLANG_WARN_ENUM_CONVERSION = YES;
				CLANG_WARN_INFINITE_RECURSION = YES;
				CLANG_WARN_INT_CONVERSION = YES;
				CLANG_WARN_OBJC_ROOT_CLASS = YES_ERROR;
				CLANG_WARN_SUSPICIOUS_MOVE = YES;
				CLANG_WARN_UNREACHABLE_CODE = YES;
				CLANG_WARN__DUPLICATE_METHOD_MATCH = YES;
				"CODE_SIGN_IDENTITY[sdk=iphoneos*]" = "iPhone Developer";
				COPY_PHASE_STRIP = NO;
				DEBUG_INFORMATION_FORMAT = "dwarf-with-dsym";
				ENABLE_NS_ASSERTIONS = NO;
				ENABLE_STRICT_OBJC_MSGSEND = YES;
				GCC_C_LANGUAGE_STANDARD = gnu99;
				GCC_NO_COMMON_BLOCKS = YES;
				GCC_WARN_64_TO_32_BIT_CONVERSION = YES;
				GCC_WARN_ABOUT_RETURN_TYPE = YES_ERROR;
				GCC_WARN_UNDECLARED_SELECTOR = YES;
				GCC_WARN_UNINITIALIZED_AUTOS = YES_AGGRESSIVE;
				GCC_WARN_UNUSED_FUNCTION = YES;
				GCC_WARN_UNUSED_VARIABLE = YES;
				IPHONEOS_DEPLOYMENT_TARGET = 10.2;
				MTL_ENABLE_DEBUG_INFO = NO;
				SDKROOT = iphoneos;
				VALIDATE_PRODUCT = YES;
			};
			name = Release;
		};
		9218498D1F4F017000957213 /* Debug */ = {
			isa = XCBuildConfiguration;
			buildSettings = {
				OTHER_LDFLAGS = "-ObjC";
				PRODUCT_NAME = "$(TARGET_NAME)";
				SKIP_INSTALL = YES;
			};
			name = Debug;
		};
		9218498E1F4F017000957213 /* Release */ = {
			isa = XCBuildConfiguration;
			buildSettings = {
				OTHER_LDFLAGS = "-ObjC";
				PRODUCT_NAME = "$(TARGET_NAME)";
				SKIP_INSTALL = YES;
			};
			name = Release;
		};
/* End XCBuildConfiguration section */

/* Begin XCConfigurationList section */
		9218497E1F4F017000957213 /* Build configuration list for PBXProject "ReduxObjectiveCStaticLib" */ = {
			isa = XCConfigurationList;
			buildConfigurations = (
				9218498A1F4F017000957213 /* Debug */,
				9218498B1F4F017000957213 /* Release */,
			);
			defaultConfigurationIsVisible = 0;
			defaultConfigurationName = Release;
		};
		9218498C1F4F017000957213 /* Build configuration list for PBXNativeTarget "ReduxObjectiveCStaticLib" */ = {
			isa = XCConfigurationList;
			buildConfigurations = (
				9218498D1F4F017000957213 /* Debug */,
				9218498E1F4F017000957213 /* Release */,
			);
			defaultConfigurationIsVisible = 0;
		};
/* End XCConfigurationList section */
	};
	rootObject = 9218497B1F4F017000957213 /* Project object */;
}
